
Microsoft Visual Studio Solution File, Format Version 12.00
# Visual Studio 14
VisualStudioVersion = 14.0.25123.0
MinimumVisualStudioVersion = 10.0.40219.1
Project("{2150E333-8FDC-42A3-9474-1A3956D46DE8}") = "src", "src", "{21AA53E7-945E-407D-BAE2-A98C93AB5083}"
EndProject
Project("{2150E333-8FDC-42A3-9474-1A3956D46DE8}") = "Solution Items", "Solution Items", "{3F80D8BC-890D-463F-80A1-847139C1838E}"
	ProjectSection(SolutionItems) = preProject
		global.json = global.json
	EndProjectSection
EndProject
Project("{8BB2217D-0F2D-49D1-97BC-3654ED321F3B}") = "ToDoList", "src\ToDoList\ToDoList.xproj", "{AAE67FB6-C3D2-411A-892D-B32E843B8AE2}"
EndProject
Global
	GlobalSection(SolutionConfigurationPlatforms) = preSolution
		Debug|Any CPU = Debug|Any CPU
		Release|Any CPU = Release|Any CPU
	EndGlobalSection
	GlobalSection(ProjectConfigurationPlatforms) = postSolution
		{AAE67FB6-C3D2-411A-892D-B32E843B8AE2}.Debug|Any CPU.ActiveCfg = Debug|Any CPU
		{AAE67FB6-C3D2-411A-892D-B32E843B8AE2}.Debug|Any CPU.Build.0 = Debug|Any CPU
		{AAE67FB6-C3D2-411A-892D-B32E843B8AE2}.Release|Any CPU.ActiveCfg = Release|Any CPU
		{AAE67FB6-C3D2-411A-892D-B32E843B8AE2}.Release|Any CPU.Build.0 = Release|Any CPU
	EndGlobalSection
	GlobalSection(SolutionProperties) = preSolution
		HideSolutionNode = FALSE
	EndGlobalSection
	GlobalSection(NestedProjects) = preSolution
		{AAE67FB6-C3D2-411A-892D-B32E843B8AE2} = {21AA53E7-945E-407D-BAE2-A98C93AB5083}
	EndGlobalSection
EndGlobal
